{
  "originHash" : "39776b6add70f8fff343d386efa2f0d5d227f9196ac7a5648c4b45197dafa4cb",
  "pins" : [
    {
      "identity" : "codescanner",
      "kind" : "remoteSourceControl",
      "location" : "https://github.com/twostraws/CodeScanner",
      "state" : {
        "revision" : "9fa582f4b36c69c2a55bff5fb3377eb170ae273c",
        "version" : "2.5.1"
      }
    }
  ],
  "version" : 3
}
