// !$*UTF8*$!
{
	archiveVersion = 1;
	classes = {
	};
	objectVersion = 56;
	objects = {

/* Begin PBXBuildFile section */
		2ED6C4B82CDA09E700BCC054 /* Rent in Frameworks */ = {isa = PBXBuildFile; productRef = 2ED6C4B72CDA09E700BCC054 /* Rent */; };
		2ED6C4B92CDA09E700BCC054 /* Rent in Embed Frameworks */ = {isa = PBXBuildFile; productRef = 2ED6C4B72CDA09E700BCC054 /* Rent */; settings = {ATTRIBUTES = (CodeSignOnCopy, ); }; };
		7D4E59FC2CDA09E600500B63 /* Location in Frameworks */ = {isa = PBXBuildFile; productRef = 7D4E59FB2CDA09E600500B63 /* Location */; };
		7D4E59FD2CDA09E600500B63 /* Location in Embed Frameworks */ = {isa = PBXBuildFile; productRef = 7D4E59FB2CDA09E600500B63 /* Location */; settings = {ATTRIBUTES = (CodeSignOnCopy, ); }; };
		AF12AFAB2CD60C55004B32EB /* NavigationDestination.swift in Sources */ = {isa = PBXBuildFile; fileRef = AF12AFAA2CD60C55004B32EB /* NavigationDestination.swift */; };
		AF12AFAD2CD61029004B32EB /* SheetDestination.swift in Sources */ = {isa = PBXBuildFile; fileRef = AF12AFAC2CD61029004B32EB /* SheetDestination.swift */; };
		AF12AFAF2CD610F0004B32EB /* FullScreenDestination.swift in Sources */ = {isa = PBXBuildFile; fileRef = AF12AFAE2CD610F0004B32EB /* FullScreenDestination.swift */; };
		AF12AFB12CD611C7004B32EB /* AppRouter.swift in Sources */ = {isa = PBXBuildFile; fileRef = AF12AFB02CD611C7004B32EB /* AppRouter.swift */; };
		AF12AFB32CD615FA004B32EB /* AppState.swift in Sources */ = {isa = PBXBuildFile; fileRef = AF12AFB22CD615FA004B32EB /* AppState.swift */; };
		AF12AFB52CD6481B004B32EB /* LoadingView.swift in Sources */ = {isa = PBXBuildFile; fileRef = AF12AFB42CD6481B004B32EB /* LoadingView.swift */; };
		AF12AFB72CD64825004B32EB /* HomeView.swift in Sources */ = {isa = PBXBuildFile; fileRef = AF12AFB62CD64825004B32EB /* HomeView.swift */; };
		AF12AFB92CD6482E004B32EB /* LoginView.swift in Sources */ = {isa = PBXBuildFile; fileRef = AF12AFB82CD6482E004B32EB /* LoginView.swift */; };
		AF12AFBD2CD64AAE004B32EB /* StationDetailView.swift in Sources */ = {isa = PBXBuildFile; fileRef = AF12AFBC2CD64AAE004B32EB /* StationDetailView.swift */; };
		AF12AFBF2CD64AF4004B32EB /* InUseBikeView.swift in Sources */ = {isa = PBXBuildFile; fileRef = AF12AFBE2CD64AF4004B32EB /* InUseBikeView.swift */; };
		AF12AFC12CD64B01004B32EB /* TempLockView.swift in Sources */ = {isa = PBXBuildFile; fileRef = AF12AFC02CD64B01004B32EB /* TempLockView.swift */; };
		AF12AFC32CD64B0A004B32EB /* ReturnBikeView.swift in Sources */ = {isa = PBXBuildFile; fileRef = AF12AFC22CD64B0A004B32EB /* ReturnBikeView.swift */; };
		AF12AFC52CD64B81004B32EB /* QRScannerView.swift in Sources */ = {isa = PBXBuildFile; fileRef = AF12AFC42CD64B81004B32EB /* QRScannerView.swift */; };
		AF12AFC72CD64BF6004B32EB /* OnboardingView.swift in Sources */ = {isa = PBXBuildFile; fileRef = AF12AFC62CD64BF6004B32EB /* OnboardingView.swift */; };
		AF12AFCA2CD71A65004B32EB /* GlobalErrorState.swift in Sources */ = {isa = PBXBuildFile; fileRef = AF12AFC92CD71A65004B32EB /* GlobalErrorState.swift */; };
		AF12AFCC2CD71B85004B32EB /* AppGlobalErrorHandler.swift in Sources */ = {isa = PBXBuildFile; fileRef = AF12AFCB2CD71B85004B32EB /* AppGlobalErrorHandler.swift */; };
		AF12AFCE2CD72800004B32EB /* ErrorAlertModifier.swift in Sources */ = {isa = PBXBuildFile; fileRef = AF12AFCD2CD72800004B32EB /* ErrorAlertModifier.swift */; };
		AF12AFD12CD74CD5004B32EB /* AppContainer.swift in Sources */ = {isa = PBXBuildFile; fileRef = AF12AFD02CD74CD5004B32EB /* AppContainer.swift */; };
		AF1573532CD926C40086FE78 /* StorageKey.swift in Sources */ = {isa = PBXBuildFile; fileRef = AF1573522CD926C40086FE78 /* StorageKey.swift */; };
		AF1573552CD9AE6B0086FE78 /* StorageProvider.swift in Sources */ = {isa = PBXBuildFile; fileRef = AF1573542CD9AE6B0086FE78 /* StorageProvider.swift */; };
		AF1573572CD9B0F10086FE78 /* UserDefaultsStorage.swift in Sources */ = {isa = PBXBuildFile; fileRef = AF1573562CD9B0F10086FE78 /* UserDefaultsStorage.swift */; };
		AF15735A2CD9B2A30086FE78 /* StorageDomainError.swift in Sources */ = {isa = PBXBuildFile; fileRef = AF1573592CD9B2A30086FE78 /* StorageDomainError.swift */; };
		AF15735C2CD9B7410086FE78 /* StorageBusinessError.swift in Sources */ = {isa = PBXBuildFile; fileRef = AF15735B2CD9B7410086FE78 /* StorageBusinessError.swift */; };
		AF15735E2CD9B7670086FE78 /* StorageErrorHandler.swift in Sources */ = {isa = PBXBuildFile; fileRef = AF15735D2CD9B7670086FE78 /* StorageErrorHandler.swift */; };
		AF1573602CD9BD340086FE78 /* KeychainDomainError.swift in Sources */ = {isa = PBXBuildFile; fileRef = AF15735F2CD9BD340086FE78 /* KeychainDomainError.swift */; };
		AF1573622CD9BE0F0086FE78 /* KeychainStorage.swift in Sources */ = {isa = PBXBuildFile; fileRef = AF1573612CD9BE0F0086FE78 /* KeychainStorage.swift */; };
		AF2961402CDA557400DAF5BB /* Payment in Frameworks */ = {isa = PBXBuildFile; productRef = AF29613F2CDA557400DAF5BB /* Payment */; };
		AF2961412CDA557400DAF5BB /* Payment in Embed Frameworks */ = {isa = PBXBuildFile; productRef = AF29613F2CDA557400DAF5BB /* Payment */; settings = {ATTRIBUTES = (CodeSignOnCopy, ); }; };
		AF5DE75B2CD3D37E00708825 /* Auth in Frameworks */ = {isa = PBXBuildFile; productRef = AF5DE75A2CD3D37E00708825 /* Auth */; };
		AF5DE75C2CD3D37E00708825 /* Auth in Embed Frameworks */ = {isa = PBXBuildFile; productRef = AF5DE75A2CD3D37E00708825 /* Auth */; settings = {ATTRIBUTES = (CodeSignOnCopy, ); }; };
		AF5E248C2C9FB44B00FA2DA5 /* Core in Frameworks */ = {isa = PBXBuildFile; productRef = AF5E248B2C9FB44B00FA2DA5 /* Core */; };
		AF5E248D2C9FB44B00FA2DA5 /* Core in Embed Frameworks */ = {isa = PBXBuildFile; productRef = AF5E248B2C9FB44B00FA2DA5 /* Core */; settings = {ATTRIBUTES = (CodeSignOnCopy, ); }; };
		AF8F62242C90939C00D6E8E2 /* DomadoApp.swift in Sources */ = {isa = PBXBuildFile; fileRef = AF8F62232C90939C00D6E8E2 /* DomadoApp.swift */; };
		AF8F62262C90939C00D6E8E2 /* RootView.swift in Sources */ = {isa = PBXBuildFile; fileRef = AF8F62252C90939C00D6E8E2 /* RootView.swift */; };
		AF8F62282C90939E00D6E8E2 /* Assets.xcassets in Resources */ = {isa = PBXBuildFile; fileRef = AF8F62272C90939E00D6E8E2 /* Assets.xcassets */; };
		AF8F62352C90939E00D6E8E2 /* DomadoTests.swift in Sources */ = {isa = PBXBuildFile; fileRef = AF8F62342C90939E00D6E8E2 /* DomadoTests.swift */; };
		AF8F623F2C90939E00D6E8E2 /* DomadoUITests.swift in Sources */ = {isa = PBXBuildFile; fileRef = AF8F623E2C90939E00D6E8E2 /* DomadoUITests.swift */; };
		AF8F62412C90939E00D6E8E2 /* DomadoUITestsLaunchTests.swift in Sources */ = {isa = PBXBuildFile; fileRef = AF8F62402C90939E00D6E8E2 /* DomadoUITestsLaunchTests.swift */; };
		AFB744B32CE07D3700B2EE9D /* LoginViewModel.swift in Sources */ = {isa = PBXBuildFile; fileRef = AFB744B22CE07D3700B2EE9D /* LoginViewModel.swift */; };
		AFB744B52CE0800500B2EE9D /* OnboardingViewModel.swift in Sources */ = {isa = PBXBuildFile; fileRef = AFB744B42CE0800500B2EE9D /* OnboardingViewModel.swift */; };
		AFB7452D2CE0858D00B2EE9D /* QRScannerViewModel.swift in Sources */ = {isa = PBXBuildFile; fileRef = AFB7452C2CE0858D00B2EE9D /* QRScannerViewModel.swift */; };
		AFBCA4772CDF75D70030C7C6 /* AppErrorHandler.swift in Sources */ = {isa = PBXBuildFile; fileRef = AFBCA4762CDF75D70030C7C6 /* AppErrorHandler.swift */; };
		AFBCA4792CE050350030C7C6 /* MemoryLocalStorage.swift in Sources */ = {isa = PBXBuildFile; fileRef = AFBCA4782CE050350030C7C6 /* MemoryLocalStorage.swift */; };
		AFF572E02CDA5C6100FA5B40 /* LocalStorage.swift in Sources */ = {isa = PBXBuildFile; fileRef = AFF572DF2CDA5C6100FA5B40 /* LocalStorage.swift */; };
		AFF572E32CDA5CE300FA5B40 /* StateStorage.swift in Sources */ = {isa = PBXBuildFile; fileRef = AFF572E22CDA5CE300FA5B40 /* StateStorage.swift */; };
		AFF572E52CDA652000FA5B40 /* AppDelegateAdapter.swift in Sources */ = {isa = PBXBuildFile; fileRef = AFF572E42CDA652000FA5B40 /* AppDelegateAdapter.swift */; };
/* End PBXBuildFile section */

/* Begin PBXContainerItemProxy section */
		AF8F62312C90939E00D6E8E2 /* PBXContainerItemProxy */ = {
			isa = PBXContainerItemProxy;
			containerPortal = AF8F62182C90939C00D6E8E2 /* Project object */;
			proxyType = 1;
			remoteGlobalIDString = AF8F621F2C90939C00D6E8E2;
			remoteInfo = Domado;
		};
		AF8F623B2C90939E00D6E8E2 /* PBXContainerItemProxy */ = {
			isa = PBXContainerItemProxy;
			containerPortal = AF8F62182C90939C00D6E8E2 /* Project object */;
			proxyType = 1;
			remoteGlobalIDString = AF8F621F2C90939C00D6E8E2;
			remoteInfo = Domado;
		};
/* End PBXContainerItemProxy section */

/* Begin PBXCopyFilesBuildPhase section */
		AF5E248E2C9FB44B00FA2DA5 /* Embed Frameworks */ = {
			isa = PBXCopyFilesBuildPhase;
			buildActionMask = 2147483647;
			dstPath = "";
			dstSubfolderSpec = 10;
			files = (
				AF5DE75C2CD3D37E00708825 /* Auth in Embed Frameworks */,
				AF5E248D2C9FB44B00FA2DA5 /* Core in Embed Frameworks */,
				2ED6C4B92CDA09E700BCC054 /* Rent in Embed Frameworks */,
				AF2961412CDA557400DAF5BB /* Payment in Embed Frameworks */,
				7D4E59FD2CDA09E600500B63 /* Location in Embed Frameworks */,
			);
			name = "Embed Frameworks";
			runOnlyForDeploymentPostprocessing = 0;
		};
/* End PBXCopyFilesBuildPhase section */

/* Begin PBXFileReference section */
		2ED6C4B62CDA068E00BCC054 /* Rent */ = {isa = PBXFileReference; lastKnownFileType = wrapper; path = Rent; sourceTree = "<group>"; };
		7D4E59FA2CDA069100500B63 /* Location */ = {isa = PBXFileReference; lastKnownFileType = wrapper; path = Location; sourceTree = "<group>"; };
		AF00AD772CDA5487002448B3 /* Payment */ = {isa = PBXFileReference; lastKnownFileType = wrapper; path = Payment; sourceTree = "<group>"; };
		AF12AFAA2CD60C55004B32EB /* NavigationDestination.swift */ = {isa = PBXFileReference; lastKnownFileType = sourcecode.swift; path = NavigationDestination.swift; sourceTree = "<group>"; };
		AF12AFAC2CD61029004B32EB /* SheetDestination.swift */ = {isa = PBXFileReference; lastKnownFileType = sourcecode.swift; path = SheetDestination.swift; sourceTree = "<group>"; };
		AF12AFAE2CD610F0004B32EB /* FullScreenDestination.swift */ = {isa = PBXFileReference; lastKnownFileType = sourcecode.swift; path = FullScreenDestination.swift; sourceTree = "<group>"; };
		AF12AFB02CD611C7004B32EB /* AppRouter.swift */ = {isa = PBXFileReference; lastKnownFileType = sourcecode.swift; path = AppRouter.swift; sourceTree = "<group>"; };
		AF12AFB22CD615FA004B32EB /* AppState.swift */ = {isa = PBXFileReference; lastKnownFileType = sourcecode.swift; path = AppState.swift; sourceTree = "<group>"; };
		AF12AFB42CD6481B004B32EB /* LoadingView.swift */ = {isa = PBXFileReference; lastKnownFileType = sourcecode.swift; path = LoadingView.swift; sourceTree = "<group>"; };
		AF12AFB62CD64825004B32EB /* HomeView.swift */ = {isa = PBXFileReference; lastKnownFileType = sourcecode.swift; path = HomeView.swift; sourceTree = "<group>"; };
		AF12AFB82CD6482E004B32EB /* LoginView.swift */ = {isa = PBXFileReference; lastKnownFileType = sourcecode.swift; path = LoginView.swift; sourceTree = "<group>"; };
		AF12AFBC2CD64AAE004B32EB /* StationDetailView.swift */ = {isa = PBXFileReference; lastKnownFileType = sourcecode.swift; path = StationDetailView.swift; sourceTree = "<group>"; };
		AF12AFBE2CD64AF4004B32EB /* InUseBikeView.swift */ = {isa = PBXFileReference; lastKnownFileType = sourcecode.swift; path = InUseBikeView.swift; sourceTree = "<group>"; };
		AF12AFC02CD64B01004B32EB /* TempLockView.swift */ = {isa = PBXFileReference; lastKnownFileType = sourcecode.swift; path = TempLockView.swift; sourceTree = "<group>"; };
		AF12AFC22CD64B0A004B32EB /* ReturnBikeView.swift */ = {isa = PBXFileReference; lastKnownFileType = sourcecode.swift; path = ReturnBikeView.swift; sourceTree = "<group>"; };
		AF12AFC42CD64B81004B32EB /* QRScannerView.swift */ = {isa = PBXFileReference; lastKnownFileType = sourcecode.swift; path = QRScannerView.swift; sourceTree = "<group>"; };
		AF12AFC62CD64BF6004B32EB /* OnboardingView.swift */ = {isa = PBXFileReference; lastKnownFileType = sourcecode.swift; path = OnboardingView.swift; sourceTree = "<group>"; };
		AF12AFC92CD71A65004B32EB /* GlobalErrorState.swift */ = {isa = PBXFileReference; lastKnownFileType = sourcecode.swift; path = GlobalErrorState.swift; sourceTree = "<group>"; };
		AF12AFCB2CD71B85004B32EB /* AppGlobalErrorHandler.swift */ = {isa = PBXFileReference; lastKnownFileType = sourcecode.swift; path = AppGlobalErrorHandler.swift; sourceTree = "<group>"; };
		AF12AFCD2CD72800004B32EB /* ErrorAlertModifier.swift */ = {isa = PBXFileReference; lastKnownFileType = sourcecode.swift; path = ErrorAlertModifier.swift; sourceTree = "<group>"; };
		AF12AFD02CD74CD5004B32EB /* AppContainer.swift */ = {isa = PBXFileReference; lastKnownFileType = sourcecode.swift; path = AppContainer.swift; sourceTree = "<group>"; };
		AF1573522CD926C40086FE78 /* StorageKey.swift */ = {isa = PBXFileReference; lastKnownFileType = sourcecode.swift; path = StorageKey.swift; sourceTree = "<group>"; };
		AF1573542CD9AE6B0086FE78 /* StorageProvider.swift */ = {isa = PBXFileReference; lastKnownFileType = sourcecode.swift; path = StorageProvider.swift; sourceTree = "<group>"; };
		AF1573562CD9B0F10086FE78 /* UserDefaultsStorage.swift */ = {isa = PBXFileReference; lastKnownFileType = sourcecode.swift; path = UserDefaultsStorage.swift; sourceTree = "<group>"; };
		AF1573592CD9B2A30086FE78 /* StorageDomainError.swift */ = {isa = PBXFileReference; lastKnownFileType = sourcecode.swift; path = StorageDomainError.swift; sourceTree = "<group>"; };
		AF15735B2CD9B7410086FE78 /* StorageBusinessError.swift */ = {isa = PBXFileReference; lastKnownFileType = sourcecode.swift; path = StorageBusinessError.swift; sourceTree = "<group>"; };
		AF15735D2CD9B7670086FE78 /* StorageErrorHandler.swift */ = {isa = PBXFileReference; lastKnownFileType = sourcecode.swift; path = StorageErrorHandler.swift; sourceTree = "<group>"; };
		AF15735F2CD9BD340086FE78 /* KeychainDomainError.swift */ = {isa = PBXFileReference; lastKnownFileType = sourcecode.swift; path = KeychainDomainError.swift; sourceTree = "<group>"; };
		AF1573612CD9BE0F0086FE78 /* KeychainStorage.swift */ = {isa = PBXFileReference; lastKnownFileType = sourcecode.swift; path = KeychainStorage.swift; sourceTree = "<group>"; };
		AF5DE7592CD3D0C400708825 /* Auth */ = {isa = PBXFileReference; lastKnownFileType = wrapper; path = Auth; sourceTree = "<group>"; };
		AF5E24892C9F1C5700FA2DA5 /* Core */ = {isa = PBXFileReference; lastKnownFileType = wrapper; path = Core; sourceTree = "<group>"; };
		AF8F62202C90939C00D6E8E2 /* Domado.app */ = {isa = PBXFileReference; explicitFileType = wrapper.application; includeInIndex = 0; path = Domado.app; sourceTree = BUILT_PRODUCTS_DIR; };
		AF8F62232C90939C00D6E8E2 /* DomadoApp.swift */ = {isa = PBXFileReference; lastKnownFileType = sourcecode.swift; path = DomadoApp.swift; sourceTree = "<group>"; };
		AF8F62252C90939C00D6E8E2 /* RootView.swift */ = {isa = PBXFileReference; lastKnownFileType = sourcecode.swift; path = RootView.swift; sourceTree = "<group>"; };
		AF8F62272C90939E00D6E8E2 /* Assets.xcassets */ = {isa = PBXFileReference; lastKnownFileType = folder.assetcatalog; path = Assets.xcassets; sourceTree = "<group>"; };
		AF8F62302C90939E00D6E8E2 /* DomadoTests.xctest */ = {isa = PBXFileReference; explicitFileType = wrapper.cfbundle; includeInIndex = 0; path = DomadoTests.xctest; sourceTree = BUILT_PRODUCTS_DIR; };
		AF8F62342C90939E00D6E8E2 /* DomadoTests.swift */ = {isa = PBXFileReference; lastKnownFileType = sourcecode.swift; path = DomadoTests.swift; sourceTree = "<group>"; };
		AF8F623A2C90939E00D6E8E2 /* DomadoUITests.xctest */ = {isa = PBXFileReference; explicitFileType = wrapper.cfbundle; includeInIndex = 0; path = DomadoUITests.xctest; sourceTree = BUILT_PRODUCTS_DIR; };
		AF8F623E2C90939E00D6E8E2 /* DomadoUITests.swift */ = {isa = PBXFileReference; lastKnownFileType = sourcecode.swift; path = DomadoUITests.swift; sourceTree = "<group>"; };
		AF8F62402C90939E00D6E8E2 /* DomadoUITestsLaunchTests.swift */ = {isa = PBXFileReference; lastKnownFileType = sourcecode.swift; path = DomadoUITestsLaunchTests.swift; sourceTree = "<group>"; };
		AFB744B22CE07D3700B2EE9D /* LoginViewModel.swift */ = {isa = PBXFileReference; lastKnownFileType = sourcecode.swift; path = LoginViewModel.swift; sourceTree = "<group>"; };
		AFB744B42CE0800500B2EE9D /* OnboardingViewModel.swift */ = {isa = PBXFileReference; lastKnownFileType = sourcecode.swift; path = OnboardingViewModel.swift; sourceTree = "<group>"; };
		AFB7452C2CE0858D00B2EE9D /* QRScannerViewModel.swift */ = {isa = PBXFileReference; lastKnownFileType = sourcecode.swift; path = QRScannerViewModel.swift; sourceTree = "<group>"; };
		AFBCA4762CDF75D70030C7C6 /* AppErrorHandler.swift */ = {isa = PBXFileReference; lastKnownFileType = sourcecode.swift; path = AppErrorHandler.swift; sourceTree = "<group>"; };
		AFBCA4782CE050350030C7C6 /* MemoryLocalStorage.swift */ = {isa = PBXFileReference; lastKnownFileType = sourcecode.swift; path = MemoryLocalStorage.swift; sourceTree = "<group>"; };
		AFF572DF2CDA5C6100FA5B40 /* LocalStorage.swift */ = {isa = PBXFileReference; lastKnownFileType = sourcecode.swift; path = LocalStorage.swift; sourceTree = "<group>"; };
		AFF572E22CDA5CE300FA5B40 /* StateStorage.swift */ = {isa = PBXFileReference; lastKnownFileType = sourcecode.swift; path = StateStorage.swift; sourceTree = "<group>"; };
		AFF572E42CDA652000FA5B40 /* AppDelegateAdapter.swift */ = {isa = PBXFileReference; lastKnownFileType = sourcecode.swift; path = AppDelegateAdapter.swift; sourceTree = "<group>"; };
/* End PBXFileReference section */

/* Begin PBXFrameworksBuildPhase section */
		AF8F621D2C90939C00D6E8E2 /* Frameworks */ = {
			isa = PBXFrameworksBuildPhase;
			buildActionMask = 2147483647;
			files = (
				AF5DE75B2CD3D37E00708825 /* Auth in Frameworks */,
				AF5E248C2C9FB44B00FA2DA5 /* Core in Frameworks */,
				2ED6C4B82CDA09E700BCC054 /* Rent in Frameworks */,
				AF2961402CDA557400DAF5BB /* Payment in Frameworks */,
				7D4E59FC2CDA09E600500B63 /* Location in Frameworks */,
			);
			runOnlyForDeploymentPostprocessing = 0;
		};
		AF8F622D2C90939E00D6E8E2 /* Frameworks */ = {
			isa = PBXFrameworksBuildPhase;
			buildActionMask = 2147483647;
			files = (
			);
			runOnlyForDeploymentPostprocessing = 0;
		};
		AF8F62372C90939E00D6E8E2 /* Frameworks */ = {
			isa = PBXFrameworksBuildPhase;
			buildActionMask = 2147483647;
			files = (
			);
			runOnlyForDeploymentPostprocessing = 0;
		};
/* End PBXFrameworksBuildPhase section */

/* Begin PBXGroup section */
		AF12AF2E2CD60653004B32EB /* View */ = {
			isa = PBXGroup;
			children = (
				AFB744B12CE07CDB00B2EE9D /* TempViewModel */,
				AF8F62252C90939C00D6E8E2 /* RootView.swift */,
				AF12AFA92CD60C2C004B32EB /* TempView */,
			);
			path = View;
			sourceTree = "<group>";
		};
		AF12AF2F2CD606A9004B32EB /* AppState */ = {
			isa = PBXGroup;
			children = (
				AF12AFB22CD615FA004B32EB /* AppState.swift */,
				AFF572E42CDA652000FA5B40 /* AppDelegateAdapter.swift */,
			);
			path = AppState;
			sourceTree = "<group>";
		};
		AF12AF302CD606B9004B32EB /* NavigationType */ = {
			isa = PBXGroup;
			children = (
				AF12AFAA2CD60C55004B32EB /* NavigationDestination.swift */,
				AF12AFAC2CD61029004B32EB /* SheetDestination.swift */,
				AF12AFAE2CD610F0004B32EB /* FullScreenDestination.swift */,
			);
			path = NavigationType;
			sourceTree = "<group>";
		};
		AF12AF312CD606F4004B32EB /* StateStorage */ = {
			isa = PBXGroup;
			children = (
				AFF572E12CDA5CC900FA5B40 /* Storage */,
				AF1573582CD9B2930086FE78 /* Error */,
				AF1573522CD926C40086FE78 /* StorageKey.swift */,
				AFF572E22CDA5CE300FA5B40 /* StateStorage.swift */,
			);
			path = StateStorage;
			sourceTree = "<group>";
		};
		AF12AF322CD60707004B32EB /* Router */ = {
			isa = PBXGroup;
			children = (
				AF12AFB02CD611C7004B32EB /* AppRouter.swift */,
				AF12AF302CD606B9004B32EB /* NavigationType */,
			);
			path = Router;
			sourceTree = "<group>";
		};
		AF12AFA92CD60C2C004B32EB /* TempView */ = {
			isa = PBXGroup;
			children = (
				AF12AFB42CD6481B004B32EB /* LoadingView.swift */,
				AF12AFB62CD64825004B32EB /* HomeView.swift */,
				AF12AFB82CD6482E004B32EB /* LoginView.swift */,
				AF12AFBC2CD64AAE004B32EB /* StationDetailView.swift */,
				AF12AFBE2CD64AF4004B32EB /* InUseBikeView.swift */,
				AF12AFC02CD64B01004B32EB /* TempLockView.swift */,
				AF12AFC22CD64B0A004B32EB /* ReturnBikeView.swift */,
				AF12AFC42CD64B81004B32EB /* QRScannerView.swift */,
				AF12AFC62CD64BF6004B32EB /* OnboardingView.swift */,
			);
			path = TempView;
			sourceTree = "<group>";
		};
		AF12AFC82CD71A1D004B32EB /* Error */ = {
			isa = PBXGroup;
			children = (
				AF12AFC92CD71A65004B32EB /* GlobalErrorState.swift */,
				AF12AFCB2CD71B85004B32EB /* AppGlobalErrorHandler.swift */,
				AF12AFCD2CD72800004B32EB /* ErrorAlertModifier.swift */,
				AFBCA4762CDF75D70030C7C6 /* AppErrorHandler.swift */,
			);
			path = Error;
			sourceTree = "<group>";
		};
		AF12AFCF2CD74C80004B32EB /* Dependency */ = {
			isa = PBXGroup;
			children = (
				AF12AFD02CD74CD5004B32EB /* AppContainer.swift */,
			);
			path = Dependency;
			sourceTree = "<group>";
		};
		AF1573582CD9B2930086FE78 /* Error */ = {
			isa = PBXGroup;
			children = (
				AF1573592CD9B2A30086FE78 /* StorageDomainError.swift */,
				AF15735B2CD9B7410086FE78 /* StorageBusinessError.swift */,
				AF15735D2CD9B7670086FE78 /* StorageErrorHandler.swift */,
				AF15735F2CD9BD340086FE78 /* KeychainDomainError.swift */,
			);
			path = Error;
			sourceTree = "<group>";
		};
		AF5E248A2C9FB44B00FA2DA5 /* Frameworks */ = {
			isa = PBXGroup;
			children = (
			);
			name = Frameworks;
			sourceTree = "<group>";
		};
		AF8F62172C90939C00D6E8E2 = {
			isa = PBXGroup;
			children = (
				AF00AD772CDA5487002448B3 /* Payment */,
				2ED6C4B62CDA068E00BCC054 /* Rent */,
				7D4E59FA2CDA069100500B63 /* Location */,
				AF5DE7592CD3D0C400708825 /* Auth */,
				AF5E24892C9F1C5700FA2DA5 /* Core */,
				AF8F62222C90939C00D6E8E2 /* Domado */,
				AF8F62332C90939E00D6E8E2 /* DomadoTests */,
				AF8F623D2C90939E00D6E8E2 /* DomadoUITests */,
				AF5E248A2C9FB44B00FA2DA5 /* Frameworks */,
				AF8F62212C90939C00D6E8E2 /* Products */,
			);
			sourceTree = "<group>";
		};
		AF8F62212C90939C00D6E8E2 /* Products */ = {
			isa = PBXGroup;
			children = (
				AF8F62202C90939C00D6E8E2 /* Domado.app */,
				AF8F62302C90939E00D6E8E2 /* DomadoTests.xctest */,
				AF8F623A2C90939E00D6E8E2 /* DomadoUITests.xctest */,
			);
			name = Products;
			sourceTree = "<group>";
		};
		AF8F62222C90939C00D6E8E2 /* Domado */ = {
			isa = PBXGroup;
			children = (
				AF8F62232C90939C00D6E8E2 /* DomadoApp.swift */,
				AF12AFCF2CD74C80004B32EB /* Dependency */,
				AF12AFC82CD71A1D004B32EB /* Error */,
				AF12AF2F2CD606A9004B32EB /* AppState */,
				AF12AF322CD60707004B32EB /* Router */,
				AF12AF312CD606F4004B32EB /* StateStorage */,
				AF12AF2E2CD60653004B32EB /* View */,
				AF8F62272C90939E00D6E8E2 /* Assets.xcassets */,
			);
			path = Domado;
			sourceTree = "<group>";
		};
		AF8F62332C90939E00D6E8E2 /* DomadoTests */ = {
			isa = PBXGroup;
			children = (
				AF8F62342C90939E00D6E8E2 /* DomadoTests.swift */,
			);
			path = DomadoTests;
			sourceTree = "<group>";
		};
		AF8F623D2C90939E00D6E8E2 /* DomadoUITests */ = {
			isa = PBXGroup;
			children = (
				AF8F623E2C90939E00D6E8E2 /* DomadoUITests.swift */,
				AF8F62402C90939E00D6E8E2 /* DomadoUITestsLaunchTests.swift */,
			);
			path = DomadoUITests;
			sourceTree = "<group>";
		};
		AFB744B12CE07CDB00B2EE9D /* TempViewModel */ = {
			isa = PBXGroup;
			children = (
				AFB744B22CE07D3700B2EE9D /* LoginViewModel.swift */,
				AFB744B42CE0800500B2EE9D /* OnboardingViewModel.swift */,
				AFB7452C2CE0858D00B2EE9D /* QRScannerViewModel.swift */,
			);
			path = TempViewModel;
			sourceTree = "<group>";
		};
		AFF572E12CDA5CC900FA5B40 /* Storage */ = {
			isa = PBXGroup;
			children = (
				AF1573542CD9AE6B0086FE78 /* StorageProvider.swift */,
				AF1573562CD9B0F10086FE78 /* UserDefaultsStorage.swift */,
				AF1573612CD9BE0F0086FE78 /* KeychainStorage.swift */,
				AFF572DF2CDA5C6100FA5B40 /* LocalStorage.swift */,
				AFBCA4782CE050350030C7C6 /* MemoryLocalStorage.swift */,
			);
			path = Storage;
			sourceTree = "<group>";
		};
/* End PBXGroup section */

/* Begin PBXNativeTarget section */
		AF8F621F2C90939C00D6E8E2 /* Domado */ = {
			isa = PBXNativeTarget;
			buildConfigurationList = AF8F62442C90939E00D6E8E2 /* Build configuration list for PBXNativeTarget "Domado" */;
			buildPhases = (
				AF8F621C2C90939C00D6E8E2 /* Sources */,
				AF8F621D2C90939C00D6E8E2 /* Frameworks */,
				AF8F621E2C90939C00D6E8E2 /* Resources */,
				AF5E248E2C9FB44B00FA2DA5 /* Embed Frameworks */,
			);
			buildRules = (
			);
			dependencies = (
			);
			name = Domado;
			productName = Domado;
			productReference = AF8F62202C90939C00D6E8E2 /* Domado.app */;
			productType = "com.apple.product-type.application";
		};
		AF8F622F2C90939E00D6E8E2 /* DomadoTests */ = {
			isa = PBXNativeTarget;
			buildConfigurationList = AF8F62472C90939E00D6E8E2 /* Build configuration list for PBXNativeTarget "DomadoTests" */;
			buildPhases = (
				AF8F622C2C90939E00D6E8E2 /* Sources */,
				AF8F622D2C90939E00D6E8E2 /* Frameworks */,
				AF8F622E2C90939E00D6E8E2 /* Resources */,
			);
			buildRules = (
			);
			dependencies = (
				AF8F62322C90939E00D6E8E2 /* PBXTargetDependency */,
			);
			name = DomadoTests;
			productName = DomadoTests;
			productReference = AF8F62302C90939E00D6E8E2 /* DomadoTests.xctest */;
			productType = "com.apple.product-type.bundle.unit-test";
		};
		AF8F62392C90939E00D6E8E2 /* DomadoUITests */ = {
			isa = PBXNativeTarget;
			buildConfigurationList = AF8F624A2C90939E00D6E8E2 /* Build configuration list for PBXNativeTarget "DomadoUITests" */;
			buildPhases = (
				AF8F62362C90939E00D6E8E2 /* Sources */,
				AF8F62372C90939E00D6E8E2 /* Frameworks */,
				AF8F62382C90939E00D6E8E2 /* Resources */,
			);
			buildRules = (
			);
			dependencies = (
				AF8F623C2C90939E00D6E8E2 /* PBXTargetDependency */,
			);
			name = DomadoUITests;
			productName = DomadoUITests;
			productReference = AF8F623A2C90939E00D6E8E2 /* DomadoUITests.xctest */;
			productType = "com.apple.product-type.bundle.ui-testing";
		};
/* End PBXNativeTarget section */

/* Begin PBXProject section */
		AF8F62182C90939C00D6E8E2 /* Project object */ = {
			isa = PBXProject;
			attributes = {
				BuildIndependentTargetsInParallel = 1;
				LastSwiftUpdateCheck = 1540;
				LastUpgradeCheck = 1610;
				TargetAttributes = {
					AF8F621F2C90939C00D6E8E2 = {
						CreatedOnToolsVersion = 15.4;
					};
					AF8F622F2C90939E00D6E8E2 = {
						CreatedOnToolsVersion = 15.4;
						TestTargetID = AF8F621F2C90939C00D6E8E2;
					};
					AF8F62392C90939E00D6E8E2 = {
						CreatedOnToolsVersion = 15.4;
						TestTargetID = AF8F621F2C90939C00D6E8E2;
					};
				};
			};
			buildConfigurationList = AF8F621B2C90939C00D6E8E2 /* Build configuration list for PBXProject "Domado" */;
			compatibilityVersion = "Xcode 14.0";
			developmentRegion = en;
			hasScannedForEncodings = 0;
			knownRegions = (
				en,
				Base,
			);
			mainGroup = AF8F62172C90939C00D6E8E2;
			productRefGroup = AF8F62212C90939C00D6E8E2 /* Products */;
			projectDirPath = "";
			projectRoot = "";
			targets = (
				AF8F621F2C90939C00D6E8E2 /* Domado */,
				AF8F622F2C90939E00D6E8E2 /* DomadoTests */,
				AF8F62392C90939E00D6E8E2 /* DomadoUITests */,
			);
		};
/* End PBXProject section */

/* Begin PBXResourcesBuildPhase section */
		AF8F621E2C90939C00D6E8E2 /* Resources */ = {
			isa = PBXResourcesBuildPhase;
			buildActionMask = 2147483647;
			files = (
				AF8F62282C90939E00D6E8E2 /* Assets.xcassets in Resources */,
			);
			runOnlyForDeploymentPostprocessing = 0;
		};
		AF8F622E2C90939E00D6E8E2 /* Resources */ = {
			isa = PBXResourcesBuildPhase;
			buildActionMask = 2147483647;
			files = (
			);
			runOnlyForDeploymentPostprocessing = 0;
		};
		AF8F62382C90939E00D6E8E2 /* Resources */ = {
			isa = PBXResourcesBuildPhase;
			buildActionMask = 2147483647;
			files = (
			);
			runOnlyForDeploymentPostprocessing = 0;
		};
/* End PBXResourcesBuildPhase section */

/* Begin PBXSourcesBuildPhase section */
		AF8F621C2C90939C00D6E8E2 /* Sources */ = {
			isa = PBXSourcesBuildPhase;
			buildActionMask = 2147483647;
			files = (
				AF1573602CD9BD340086FE78 /* KeychainDomainError.swift in Sources */,
				AF12AFB72CD64825004B32EB /* HomeView.swift in Sources */,
				AF12AFAD2CD61029004B32EB /* SheetDestination.swift in Sources */,
				AFF572E32CDA5CE300FA5B40 /* StateStorage.swift in Sources */,
				AF8F62262C90939C00D6E8E2 /* RootView.swift in Sources */,
				AFB744B52CE0800500B2EE9D /* OnboardingViewModel.swift in Sources */,
				AF12AFCE2CD72800004B32EB /* ErrorAlertModifier.swift in Sources */,
				AF12AFC32CD64B0A004B32EB /* ReturnBikeView.swift in Sources */,
				AF12AFC52CD64B81004B32EB /* QRScannerView.swift in Sources */,
				AF12AFB32CD615FA004B32EB /* AppState.swift in Sources */,
				AF12AFBF2CD64AF4004B32EB /* InUseBikeView.swift in Sources */,
				AFB744B32CE07D3700B2EE9D /* LoginViewModel.swift in Sources */,
				AF12AFB12CD611C7004B32EB /* AppRouter.swift in Sources */,
				AF12AFC12CD64B01004B32EB /* TempLockView.swift in Sources */,
				AF15735C2CD9B7410086FE78 /* StorageBusinessError.swift in Sources */,
				AF1573572CD9B0F10086FE78 /* UserDefaultsStorage.swift in Sources */,
				AF1573532CD926C40086FE78 /* StorageKey.swift in Sources */,
				AF12AFAF2CD610F0004B32EB /* FullScreenDestination.swift in Sources */,
				AF1573552CD9AE6B0086FE78 /* StorageProvider.swift in Sources */,
				AF12AFCA2CD71A65004B32EB /* GlobalErrorState.swift in Sources */,
				AFF572E02CDA5C6100FA5B40 /* LocalStorage.swift in Sources */,
				AF12AFB52CD6481B004B32EB /* LoadingView.swift in Sources */,
				AF12AFAB2CD60C55004B32EB /* NavigationDestination.swift in Sources */,
				AFB7452D2CE0858D00B2EE9D /* QRScannerViewModel.swift in Sources */,
				AFF572E52CDA652000FA5B40 /* AppDelegateAdapter.swift in Sources */,
				AFBCA4792CE050350030C7C6 /* MemoryLocalStorage.swift in Sources */,
				AF12AFB92CD6482E004B32EB /* LoginView.swift in Sources */,
				AF15735E2CD9B7670086FE78 /* StorageErrorHandler.swift in Sources */,
				AF15735A2CD9B2A30086FE78 /* StorageDomainError.swift in Sources */,
				AFBCA4772CDF75D70030C7C6 /* AppErrorHandler.swift in Sources */,
				AF12AFC72CD64BF6004B32EB /* OnboardingView.swift in Sources */,
				AF12AFBD2CD64AAE004B32EB /* StationDetailView.swift in Sources */,
				AF12AFD12CD74CD5004B32EB /* AppContainer.swift in Sources */,
				AF1573622CD9BE0F0086FE78 /* KeychainStorage.swift in Sources */,
				AF12AFCC2CD71B85004B32EB /* AppGlobalErrorHandler.swift in Sources */,
				AF8F62242C90939C00D6E8E2 /* DomadoApp.swift in Sources */,
			);
			runOnlyForDeploymentPostprocessing = 0;
		};
		AF8F622C2C90939E00D6E8E2 /* Sources */ = {
			isa = PBXSourcesBuildPhase;
			buildActionMask = 2147483647;
			files = (
				AF8F62352C90939E00D6E8E2 /* DomadoTests.swift in Sources */,
			);
			runOnlyForDeploymentPostprocessing = 0;
		};
		AF8F62362C90939E00D6E8E2 /* Sources */ = {
			isa = PBXSourcesBuildPhase;
			buildActionMask = 2147483647;
			files = (
				AF8F62412C90939E00D6E8E2 /* DomadoUITestsLaunchTests.swift in Sources */,
				AF8F623F2C90939E00D6E8E2 /* DomadoUITests.swift in Sources */,
			);
			runOnlyForDeploymentPostprocessing = 0;
		};
/* End PBXSourcesBuildPhase section */

/* Begin PBXTargetDependency section */
		AF8F62322C90939E00D6E8E2 /* PBXTargetDependency */ = {
			isa = PBXTargetDependency;
			target = AF8F621F2C90939C00D6E8E2 /* Domado */;
			targetProxy = AF8F62312C90939E00D6E8E2 /* PBXContainerItemProxy */;
		};
		AF8F623C2C90939E00D6E8E2 /* PBXTargetDependency */ = {
			isa = PBXTargetDependency;
			target = AF8F621F2C90939C00D6E8E2 /* Domado */;
			targetProxy = AF8F623B2C90939E00D6E8E2 /* PBXContainerItemProxy */;
		};
/* End PBXTargetDependency section */

/* Begin XCBuildConfiguration section */
		AF8F62422C90939E00D6E8E2 /* Debug */ = {
			isa = XCBuildConfiguration;
			buildSettings = {
				ALWAYS_SEARCH_USER_PATHS = NO;
				ASSETCATALOG_COMPILER_GENERATE_SWIFT_ASSET_SYMBOL_EXTENSIONS = YES;
				CLANG_ANALYZER_NONNULL = YES;
				CLANG_ANALYZER_NUMBER_OBJECT_CONVERSION = YES_AGGRESSIVE;
				CLANG_CXX_LANGUAGE_STANDARD = "gnu++20";
				CLANG_ENABLE_MODULES = YES;
				CLANG_ENABLE_OBJC_ARC = YES;
				CLANG_ENABLE_OBJC_WEAK = YES;
				CLANG_WARN_BLOCK_CAPTURE_AUTORELEASING = YES;
				CLANG_WARN_BOOL_CONVERSION = YES;
				CLANG_WARN_COMMA = YES;
				CLANG_WARN_CONSTANT_CONVERSION = YES;
				CLANG_WARN_DEPRECATED_OBJC_IMPLEMENTATIONS = YES;
				CLANG_WARN_DIRECT_OBJC_ISA_USAGE = YES_ERROR;
				CLANG_WARN_DOCUMENTATION_COMMENTS = YES;
				CLANG_WARN_EMPTY_BODY = YES;
				CLANG_WARN_ENUM_CONVERSION = YES;
				CLANG_WARN_INFINITE_RECURSION = YES;
				CLANG_WARN_INT_CONVERSION = YES;
				CLANG_WARN_NON_LITERAL_NULL_CONVERSION = YES;
				CLANG_WARN_OBJC_IMPLICIT_RETAIN_SELF = YES;
				CLANG_WARN_OBJC_LITERAL_CONVERSION = YES;
				CLANG_WARN_OBJC_ROOT_CLASS = YES_ERROR;
				CLANG_WARN_QUOTED_INCLUDE_IN_FRAMEWORK_HEADER = YES;
				CLANG_WARN_RANGE_LOOP_ANALYSIS = YES;
				CLANG_WARN_STRICT_PROTOTYPES = YES;
				CLANG_WARN_SUSPICIOUS_MOVE = YES;
				CLANG_WARN_UNGUARDED_AVAILABILITY = YES_AGGRESSIVE;
				CLANG_WARN_UNREACHABLE_CODE = YES;
				CLANG_WARN__DUPLICATE_METHOD_MATCH = YES;
				COPY_PHASE_STRIP = NO;
				DEBUG_INFORMATION_FORMAT = dwarf;
				ENABLE_STRICT_OBJC_MSGSEND = YES;
				ENABLE_TESTABILITY = YES;
				ENABLE_USER_SCRIPT_SANDBOXING = YES;
				GCC_C_LANGUAGE_STANDARD = gnu17;
				GCC_DYNAMIC_NO_PIC = NO;
				GCC_NO_COMMON_BLOCKS = YES;
				GCC_OPTIMIZATION_LEVEL = 0;
				GCC_PREPROCESSOR_DEFINITIONS = (
					"DEBUG=1",
					"$(inherited)",
				);
				GCC_WARN_64_TO_32_BIT_CONVERSION = YES;
				GCC_WARN_ABOUT_RETURN_TYPE = YES_ERROR;
				GCC_WARN_UNDECLARED_SELECTOR = YES;
				GCC_WARN_UNINITIALIZED_AUTOS = YES_AGGRESSIVE;
				GCC_WARN_UNUSED_FUNCTION = YES;
				GCC_WARN_UNUSED_VARIABLE = YES;
				IPHONEOS_DEPLOYMENT_TARGET = 17.0;
				LOCALIZATION_PREFERS_STRING_CATALOGS = YES;
				MTL_ENABLE_DEBUG_INFO = INCLUDE_SOURCE;
				MTL_FAST_MATH = YES;
				ONLY_ACTIVE_ARCH = YES;
				SDKROOT = iphoneos;
				SWIFT_ACTIVE_COMPILATION_CONDITIONS = "DEBUG $(inherited)";
				SWIFT_OPTIMIZATION_LEVEL = "-Onone";
			};
			name = Debug;
		};
		AF8F62432C90939E00D6E8E2 /* Release */ = {
			isa = XCBuildConfiguration;
			buildSettings = {
				ALWAYS_SEARCH_USER_PATHS = NO;
				ASSETCATALOG_COMPILER_GENERATE_SWIFT_ASSET_SYMBOL_EXTENSIONS = YES;
				CLANG_ANALYZER_NONNULL = YES;
				CLANG_ANALYZER_NUMBER_OBJECT_CONVERSION = YES_AGGRESSIVE;
				CLANG_CXX_LANGUAGE_STANDARD = "gnu++20";
				CLANG_ENABLE_MODULES = YES;
				CLANG_ENABLE_OBJC_ARC = YES;
				CLANG_ENABLE_OBJC_WEAK = YES;
				CLANG_WARN_BLOCK_CAPTURE_AUTORELEASING = YES;
				CLANG_WARN_BOOL_CONVERSION = YES;
				CLANG_WARN_COMMA = YES;
				CLANG_WARN_CONSTANT_CONVERSION = YES;
				CLANG_WARN_DEPRECATED_OBJC_IMPLEMENTATIONS = YES;
				CLANG_WARN_DIRECT_OBJC_ISA_USAGE = YES_ERROR;
				CLANG_WARN_DOCUMENTATION_COMMENTS = YES;
				CLANG_WARN_EMPTY_BODY = YES;
				CLANG_WARN_ENUM_CONVERSION = YES;
				CLANG_WARN_INFINITE_RECURSION = YES;
				CLANG_WARN_INT_CONVERSION = YES;
				CLANG_WARN_NON_LITERAL_NULL_CONVERSION = YES;
				CLANG_WARN_OBJC_IMPLICIT_RETAIN_SELF = YES;
				CLANG_WARN_OBJC_LITERAL_CONVERSION = YES;
				CLANG_WARN_OBJC_ROOT_CLASS = YES_ERROR;
				CLANG_WARN_QUOTED_INCLUDE_IN_FRAMEWORK_HEADER = YES;
				CLANG_WARN_RANGE_LOOP_ANALYSIS = YES;
				CLANG_WARN_STRICT_PROTOTYPES = YES;
				CLANG_WARN_SUSPICIOUS_MOVE = YES;
				CLANG_WARN_UNGUARDED_AVAILABILITY = YES_AGGRESSIVE;
				CLANG_WARN_UNREACHABLE_CODE = YES;
				CLANG_WARN__DUPLICATE_METHOD_MATCH = YES;
				COPY_PHASE_STRIP = NO;
				DEBUG_INFORMATION_FORMAT = "dwarf-with-dsym";
				ENABLE_NS_ASSERTIONS = NO;
				ENABLE_STRICT_OBJC_MSGSEND = YES;
				ENABLE_USER_SCRIPT_SANDBOXING = YES;
				GCC_C_LANGUAGE_STANDARD = gnu17;
				GCC_NO_COMMON_BLOCKS = YES;
				GCC_WARN_64_TO_32_BIT_CONVERSION = YES;
				GCC_WARN_ABOUT_RETURN_TYPE = YES_ERROR;
				GCC_WARN_UNDECLARED_SELECTOR = YES;
				GCC_WARN_UNINITIALIZED_AUTOS = YES_AGGRESSIVE;
				GCC_WARN_UNUSED_FUNCTION = YES;
				GCC_WARN_UNUSED_VARIABLE = YES;
				IPHONEOS_DEPLOYMENT_TARGET = 17.0;
				LOCALIZATION_PREFERS_STRING_CATALOGS = YES;
				MTL_ENABLE_DEBUG_INFO = NO;
				MTL_FAST_MATH = YES;
				SDKROOT = iphoneos;
				SWIFT_COMPILATION_MODE = wholemodule;
				VALIDATE_PRODUCT = YES;
			};
			name = Release;
		};
		AF8F62452C90939E00D6E8E2 /* Debug */ = {
			isa = XCBuildConfiguration;
			buildSettings = {
				ASSETCATALOG_COMPILER_APPICON_NAME = AppIcon;
				ASSETCATALOG_COMPILER_GLOBAL_ACCENT_COLOR_NAME = AccentColor;
				CODE_SIGN_STYLE = Automatic;
				CURRENT_PROJECT_VERSION = 1;
				DEVELOPMENT_ASSET_PATHS = "";
				DEVELOPMENT_TEAM = ZWTS2P7AH7;
				ENABLE_PREVIEWS = YES;
				GENERATE_INFOPLIST_FILE = YES;
				INFOPLIST_KEY_LSApplicationCategoryType = "public.app-category.healthcare-fitness";
				INFOPLIST_KEY_UIApplicationSceneManifest_Generation = YES;
				INFOPLIST_KEY_UIApplicationSupportsIndirectInputEvents = YES;
				INFOPLIST_KEY_UILaunchScreen_Generation = YES;
				INFOPLIST_KEY_UISupportedInterfaceOrientations = UIInterfaceOrientationPortrait;
				INFOPLIST_KEY_UISupportedInterfaceOrientations_iPad = "UIInterfaceOrientationLandscapeLeft UIInterfaceOrientationLandscapeRight UIInterfaceOrientationPortrait UIInterfaceOrientationPortraitUpsideDown";
				IPHONEOS_DEPLOYMENT_TARGET = 17.0;
				LD_RUNPATH_SEARCH_PATHS = (
					"$(inherited)",
					"@executable_path/Frameworks",
				);
				MARKETING_VERSION = 1.0;
				PRODUCT_BUNDLE_IDENTIFIER = com.onemorethink.Domado;
				PRODUCT_NAME = "$(TARGET_NAME)";
				SUPPORTED_PLATFORMS = "iphoneos iphonesimulator";
				SUPPORTS_MACCATALYST = NO;
				SUPPORTS_MAC_DESIGNED_FOR_IPHONE_IPAD = NO;
				SUPPORTS_XR_DESIGNED_FOR_IPHONE_IPAD = NO;
				SWIFT_EMIT_LOC_STRINGS = YES;
				SWIFT_VERSION = 5.0;
				TARGETED_DEVICE_FAMILY = 1;
			};
			name = Debug;
		};
		AF8F62462C90939E00D6E8E2 /* Release */ = {
			isa = XCBuildConfiguration;
			buildSettings = {
				ASSETCATALOG_COMPILER_APPICON_NAME = AppIcon;
				ASSETCATALOG_COMPILER_GLOBAL_ACCENT_COLOR_NAME = AccentColor;
				CODE_SIGN_STYLE = Automatic;
				CURRENT_PROJECT_VERSION = 1;
				DEVELOPMENT_ASSET_PATHS = "";
				DEVELOPMENT_TEAM = ZWTS2P7AH7;
				ENABLE_PREVIEWS = YES;
				GENERATE_INFOPLIST_FILE = YES;
				INFOPLIST_KEY_LSApplicationCategoryType = "public.app-category.healthcare-fitness";
				INFOPLIST_KEY_UIApplicationSceneManifest_Generation = YES;
				INFOPLIST_KEY_UIApplicationSupportsIndirectInputEvents = YES;
				INFOPLIST_KEY_UILaunchScreen_Generation = YES;
				INFOPLIST_KEY_UISupportedInterfaceOrientations = UIInterfaceOrientationPortrait;
				INFOPLIST_KEY_UISupportedInterfaceOrientations_iPad = "UIInterfaceOrientationLandscapeLeft UIInterfaceOrientationLandscapeRight UIInterfaceOrientationPortrait UIInterfaceOrientationPortraitUpsideDown";
				IPHONEOS_DEPLOYMENT_TARGET = 17.0;
				LD_RUNPATH_SEARCH_PATHS = (
					"$(inherited)",
					"@executable_path/Frameworks",
				);
				MARKETING_VERSION = 1.0;
				PRODUCT_BUNDLE_IDENTIFIER = com.onemorethink.Domado;
				PRODUCT_NAME = "$(TARGET_NAME)";
				SUPPORTED_PLATFORMS = "iphoneos iphonesimulator";
				SUPPORTS_MACCATALYST = NO;
				SUPPORTS_MAC_DESIGNED_FOR_IPHONE_IPAD = NO;
				SUPPORTS_XR_DESIGNED_FOR_IPHONE_IPAD = NO;
				SWIFT_EMIT_LOC_STRINGS = YES;
				SWIFT_VERSION = 5.0;
				TARGETED_DEVICE_FAMILY = 1;
			};
			name = Release;
		};
		AF8F62482C90939E00D6E8E2 /* Debug */ = {
			isa = XCBuildConfiguration;
			buildSettings = {
				BUNDLE_LOADER = "$(TEST_HOST)";
				CODE_SIGN_STYLE = Automatic;
				CURRENT_PROJECT_VERSION = 1;
				DEVELOPMENT_TEAM = ZWTS2P7AH7;
				GENERATE_INFOPLIST_FILE = YES;
				IPHONEOS_DEPLOYMENT_TARGET = 17.0;
				MARKETING_VERSION = 1.0;
				PRODUCT_BUNDLE_IDENTIFIER = com.onemorethink.DomadoTests;
				PRODUCT_NAME = "$(TARGET_NAME)";
				SUPPORTED_PLATFORMS = "iphoneos iphonesimulator";
				SUPPORTS_MACCATALYST = NO;
				SUPPORTS_MAC_DESIGNED_FOR_IPHONE_IPAD = NO;
				SUPPORTS_XR_DESIGNED_FOR_IPHONE_IPAD = NO;
				SWIFT_EMIT_LOC_STRINGS = NO;
				SWIFT_VERSION = 5.0;
				TARGETED_DEVICE_FAMILY = 1;
				TEST_HOST = "$(BUILT_PRODUCTS_DIR)/Domado.app/$(BUNDLE_EXECUTABLE_FOLDER_PATH)/Domado";
			};
			name = Debug;
		};
		AF8F62492C90939E00D6E8E2 /* Release */ = {
			isa = XCBuildConfiguration;
			buildSettings = {
				BUNDLE_LOADER = "$(TEST_HOST)";
				CODE_SIGN_STYLE = Automatic;
				CURRENT_PROJECT_VERSION = 1;
				DEVELOPMENT_TEAM = ZWTS2P7AH7;
				GENERATE_INFOPLIST_FILE = YES;
				IPHONEOS_DEPLOYMENT_TARGET = 17.0;
				MARKETING_VERSION = 1.0;
				PRODUCT_BUNDLE_IDENTIFIER = com.onemorethink.DomadoTests;
				PRODUCT_NAME = "$(TARGET_NAME)";
				SUPPORTED_PLATFORMS = "iphoneos iphonesimulator";
				SUPPORTS_MACCATALYST = NO;
				SUPPORTS_MAC_DESIGNED_FOR_IPHONE_IPAD = NO;
				SUPPORTS_XR_DESIGNED_FOR_IPHONE_IPAD = NO;
				SWIFT_EMIT_LOC_STRINGS = NO;
				SWIFT_VERSION = 5.0;
				TARGETED_DEVICE_FAMILY = 1;
				TEST_HOST = "$(BUILT_PRODUCTS_DIR)/Domado.app/$(BUNDLE_EXECUTABLE_FOLDER_PATH)/Domado";
			};
			name = Release;
		};
		AF8F624B2C90939E00D6E8E2 /* Debug */ = {
			isa = XCBuildConfiguration;
			buildSettings = {
				CODE_SIGN_STYLE = Automatic;
				CURRENT_PROJECT_VERSION = 1;
				DEVELOPMENT_TEAM = ZWTS2P7AH7;
				GENERATE_INFOPLIST_FILE = YES;
				MARKETING_VERSION = 1.0;
				PRODUCT_BUNDLE_IDENTIFIER = com.onemorethink.DomadoUITests;
				PRODUCT_NAME = "$(TARGET_NAME)";
				SUPPORTED_PLATFORMS = "iphoneos iphonesimulator";
				SUPPORTS_MACCATALYST = NO;
				SUPPORTS_MAC_DESIGNED_FOR_IPHONE_IPAD = NO;
				SUPPORTS_XR_DESIGNED_FOR_IPHONE_IPAD = NO;
				SWIFT_EMIT_LOC_STRINGS = NO;
				SWIFT_VERSION = 5.0;
				TARGETED_DEVICE_FAMILY = 1;
				TEST_TARGET_NAME = Domado;
			};
			name = Debug;
		};
		AF8F624C2C90939E00D6E8E2 /* Release */ = {
			isa = XCBuildConfiguration;
			buildSettings = {
				CODE_SIGN_STYLE = Automatic;
				CURRENT_PROJECT_VERSION = 1;
				DEVELOPMENT_TEAM = ZWTS2P7AH7;
				GENERATE_INFOPLIST_FILE = YES;
				MARKETING_VERSION = 1.0;
				PRODUCT_BUNDLE_IDENTIFIER = com.onemorethink.DomadoUITests;
				PRODUCT_NAME = "$(TARGET_NAME)";
				SUPPORTED_PLATFORMS = "iphoneos iphonesimulator";
				SUPPORTS_MACCATALYST = NO;
				SUPPORTS_MAC_DESIGNED_FOR_IPHONE_IPAD = NO;
				SUPPORTS_XR_DESIGNED_FOR_IPHONE_IPAD = NO;
				SWIFT_EMIT_LOC_STRINGS = NO;
				SWIFT_VERSION = 5.0;
				TARGETED_DEVICE_FAMILY = 1;
				TEST_TARGET_NAME = Domado;
			};
			name = Release;
		};
/* End XCBuildConfiguration section */

/* Begin XCConfigurationList section */
		AF8F621B2C90939C00D6E8E2 /* Build configuration list for PBXProject "Domado" */ = {
			isa = XCConfigurationList;
			buildConfigurations = (
				AF8F62422C90939E00D6E8E2 /* Debug */,
				AF8F62432C90939E00D6E8E2 /* Release */,
			);
			defaultConfigurationIsVisible = 0;
			defaultConfigurationName = Release;
		};
		AF8F62442C90939E00D6E8E2 /* Build configuration list for PBXNativeTarget "Domado" */ = {
			isa = XCConfigurationList;
			buildConfigurations = (
				AF8F62452C90939E00D6E8E2 /* Debug */,
				AF8F62462C90939E00D6E8E2 /* Release */,
			);
			defaultConfigurationIsVisible = 0;
			defaultConfigurationName = Release;
		};
		AF8F62472C90939E00D6E8E2 /* Build configuration list for PBXNativeTarget "DomadoTests" */ = {
			isa = XCConfigurationList;
			buildConfigurations = (
				AF8F62482C90939E00D6E8E2 /* Debug */,
				AF8F62492C90939E00D6E8E2 /* Release */,
			);
			defaultConfigurationIsVisible = 0;
			defaultConfigurationName = Release;
		};
		AF8F624A2C90939E00D6E8E2 /* Build configuration list for PBXNativeTarget "DomadoUITests" */ = {
			isa = XCConfigurationList;
			buildConfigurations = (
				AF8F624B2C90939E00D6E8E2 /* Debug */,
				AF8F624C2C90939E00D6E8E2 /* Release */,
			);
			defaultConfigurationIsVisible = 0;
			defaultConfigurationName = Release;
		};
/* End XCConfigurationList section */

/* Begin XCSwiftPackageProductDependency section */
		2ED6C4B72CDA09E700BCC054 /* Rent */ = {
			isa = XCSwiftPackageProductDependency;
			productName = Rent;
		};
		7D4E59FB2CDA09E600500B63 /* Location */ = {
			isa = XCSwiftPackageProductDependency;
			productName = Location;
		};
		AF29613F2CDA557400DAF5BB /* Payment */ = {
			isa = XCSwiftPackageProductDependency;
			productName = Payment;
		};
		AF5DE75A2CD3D37E00708825 /* Auth */ = {
			isa = XCSwiftPackageProductDependency;
			productName = Auth;
		};
		AF5E248B2C9FB44B00FA2DA5 /* Core */ = {
			isa = XCSwiftPackageProductDependency;
			productName = Core;
		};
/* End XCSwiftPackageProductDependency section */
	};
	rootObject = AF8F62182C90939C00D6E8E2 /* Project object */;
}
